
Microsoft Visual Studio Solution File, Format Version 12.00
# Visual Studio Version 16
VisualStudioVersion = 16.0.31424.327
MinimumVisualStudioVersion = 10.0.40219.1
Project("{FAE04EC0-301F-11D3-BF4B-00C04F79EFBC}") = "WebApi", "WebApi\WebApi.csproj", "{C5ED6A77-59A4-4276-BC22-8C079D788C91}"
EndProject
Project("{FAE04EC0-301F-11D3-BF4B-00C04F79EFBC}") = "WebApi.Core", "WebApi.Core\WebApi.Core.csproj", "{211EBA1D-9F8E-4B92-9164-821C223598C8}"
EndProject
Project("{FAE04EC0-301F-11D3-BF4B-00C04F79EFBC}") = "WebApi.Service", "WebApi.Service\WebApi.Service.csproj", "{3C052931-EBBE-439B-B70A-582A79692652}"
EndProject
Project("{FAE04EC0-301F-11D3-BF4B-00C04F79EFBC}") = "WebApi.Common", "WebApi.Common\WebApi.Common.csproj", "{317611E4-6BD9-4DBD-A112-4672D2258CA0}"
EndProject
Global
	GlobalSection(SolutionConfigurationPlatforms) = preSolution
		Debug|Any CPU = Debug|Any CPU
		Release|Any CPU = Release|Any CPU
	EndGlobalSection
	GlobalSection(ProjectConfigurationPlatforms) = postSolution
		{C5ED6A77-59A4-4276-BC22-8C079D788C91}.Debug|Any CPU.ActiveCfg = Debug|Any CPU
		{C5ED6A77-59A4-4276-BC22-8C079D788C91}.Debug|Any CPU.Build.0 = Debug|Any CPU
		{C5ED6A77-59A4-4276-BC22-8C079D788C91}.Release|Any CPU.ActiveCfg = Release|Any CPU
		{C5ED6A77-59A4-4276-BC22-8C079D788C91}.Release|Any CPU.Build.0 = Release|Any CPU
		{211EBA1D-9F8E-4B92-9164-821C223598C8}.Debug|Any CPU.ActiveCfg = Debug|Any CPU
		{211EBA1D-9F8E-4B92-9164-821C223598C8}.Debug|Any CPU.Build.0 = Debug|Any CPU
		{211EBA1D-9F8E-4B92-9164-821C223598C8}.Release|Any CPU.ActiveCfg = Release|Any CPU
		{211EBA1D-9F8E-4B92-9164-821C223598C8}.Release|Any CPU.Build.0 = Release|Any CPU
		{3C052931-EBBE-439B-B70A-582A79692652}.Debug|Any CPU.ActiveCfg = Debug|Any CPU
		{3C052931-EBBE-439B-B70A-582A79692652}.Debug|Any CPU.Build.0 = Debug|Any CPU
		{3C052931-EBBE-439B-B70A-582A79692652}.Release|Any CPU.ActiveCfg = Release|Any CPU
		{3C052931-EBBE-439B-B70A-582A79692652}.Release|Any CPU.Build.0 = Release|Any CPU
		{317611E4-6BD9-4DBD-A112-4672D2258CA0}.Debug|Any CPU.ActiveCfg = Debug|Any CPU
		{317611E4-6BD9-4DBD-A112-4672D2258CA0}.Debug|Any CPU.Build.0 = Debug|Any CPU
		{317611E4-6BD9-4DBD-A112-4672D2258CA0}.Release|Any CPU.ActiveCfg = Release|Any CPU
		{317611E4-6BD9-4DBD-A112-4672D2258CA0}.Release|Any CPU.Build.0 = Release|Any CPU
	EndGlobalSection
	GlobalSection(SolutionProperties) = preSolution
		HideSolutionNode = FALSE
	EndGlobalSection
	GlobalSection(ExtensibilityGlobals) = postSolution
		SolutionGuid = {D8CF4C1A-D7AF-4133-ACCA-D9C24E49DE04}
	EndGlobalSection
EndGlobal
